
Microsoft Visual Studio Solution File, Format Version 12.00
# Visual Studio Version 17
VisualStudioVersion = 17.8.34330.188
MinimumVisualStudioVersion = 10.0.40219.1
Project("{FAE04EC0-301F-11D3-BF4B-00C04F79EFBC}") = "EjemploSemaforoEnBarberia", "EjemploSemaforoEnBarberia\EjemploSemaforoEnBarberia.csproj", "{AA16D719-E991-414E-896F-442F3571B962}"
EndProject
Global
	GlobalSection(SolutionConfigurationPlatforms) = preSolution
		Debug|Any CPU = Debug|Any CPU
		Release|Any CPU = Release|Any CPU
	EndGlobalSection
	GlobalSection(ProjectConfigurationPlatforms) = postSolution
		{AA16D719-E991-414E-896F-442F3571B962}.Debug|Any CPU.ActiveCfg = Debug|Any CPU
		{AA16D719-E991-414E-896F-442F3571B962}.Debug|Any CPU.Build.0 = Debug|Any CPU
		{AA16D719-E991-414E-896F-442F3571B962}.Release|Any CPU.ActiveCfg = Release|Any CPU
		{AA16D719-E991-414E-896F-442F3571B962}.Release|Any CPU.Build.0 = Release|Any CPU
	EndGlobalSection
	GlobalSection(SolutionProperties) = preSolution
		HideSolutionNode = FALSE
	EndGlobalSection
	GlobalSection(ExtensibilityGlobals) = postSolution
		SolutionGuid = {AE834F2B-3C4F-4AB2-BEF2-5D519989181D}
	EndGlobalSection
EndGlobal
